
Microsoft Visual Studio Solution File, Format Version 12.00
# Visual Studio 15
VisualStudioVersion = 15.0.28307.271
MinimumVisualStudioVersion = 10.0.40219.1
Project("{FAE04EC0-301F-11D3-BF4B-00C04F79EFBC}") = "OLO.By.Toan.Nguyen", "OLO.Pizza.By.Toan.Nguyen\OLO.By.Toan.Nguyen.csproj", "{D4398257-8751-438C-A483-5F924554881B}"
EndProject
Global
	GlobalSection(SolutionConfigurationPlatforms) = preSolution
		Debug|Any CPU = Debug|Any CPU
		Release|Any CPU = Release|Any CPU
	EndGlobalSection
	GlobalSection(ProjectConfigurationPlatforms) = postSolution
		{D4398257-8751-438C-A483-5F924554881B}.Debug|Any CPU.ActiveCfg = Debug|Any CPU
		{D4398257-8751-438C-A483-5F924554881B}.Debug|Any CPU.Build.0 = Debug|Any CPU
		{D4398257-8751-438C-A483-5F924554881B}.Release|Any CPU.ActiveCfg = Release|Any CPU
		{D4398257-8751-438C-A483-5F924554881B}.Release|Any CPU.Build.0 = Release|Any CPU
	EndGlobalSection
	GlobalSection(SolutionProperties) = preSolution
		HideSolutionNode = FALSE
	EndGlobalSection
	GlobalSection(ExtensibilityGlobals) = postSolution
		SolutionGuid = {6B0B284A-3C40-4363-9845-34B8A791EFD1}
	EndGlobalSection
EndGlobal
